
Microsoft Visual Studio Solution File, Format Version 12.00
# Visual Studio 15
VisualStudioVersion = 15.0.28010.2046
MinimumVisualStudioVersion = 10.0.40219.1
Project("{FAE04EC0-301F-11D3-BF4B-00C04F79EFBC}") = "Job_Dashboard_Core", "Job_Dashboard_Core\Job_Dashboard_Core.csproj", "{AD555FE9-B9CB-4829-8C42-C00EE352D07A}"
EndProject
Global
	GlobalSection(SolutionConfigurationPlatforms) = preSolution
		Debug|Any CPU = Debug|Any CPU
		Release|Any CPU = Release|Any CPU
	EndGlobalSection
	GlobalSection(ProjectConfigurationPlatforms) = postSolution
		{AD555FE9-B9CB-4829-8C42-C00EE352D07A}.Debug|Any CPU.ActiveCfg = Debug|Any CPU
		{AD555FE9-B9CB-4829-8C42-C00EE352D07A}.Debug|Any CPU.Build.0 = Debug|Any CPU
		{AD555FE9-B9CB-4829-8C42-C00EE352D07A}.Release|Any CPU.ActiveCfg = Release|Any CPU
		{AD555FE9-B9CB-4829-8C42-C00EE352D07A}.Release|Any CPU.Build.0 = Release|Any CPU
	EndGlobalSection
	GlobalSection(SolutionProperties) = preSolution
		HideSolutionNode = FALSE
	EndGlobalSection
	GlobalSection(ExtensibilityGlobals) = postSolution
		SolutionGuid = {981B5172-AEA5-4EC2-8332-8BDBDE1CCC92}
	EndGlobalSection
EndGlobal
